
Microsoft Visual Studio Solution File, Format Version 12.00
# Visual Studio Version 17
VisualStudioVersion = 17.5.002.0
MinimumVisualStudioVersion = 10.0.40219.1
Project("{9A19103F-16F7-4668-BE54-9A1E7A4F7556}") = "DotNETApp", "DotNETApp\DotNETApp.csproj", "{9C52D2A4-9351-47DC-9282-F063E06CAA21}"
EndProject
Global
	GlobalSection(SolutionConfigurationPlatforms) = preSolution
		Debug|Any CPU = Debug|Any CPU
		Release|Any CPU = Release|Any CPU
	EndGlobalSection
	GlobalSection(ProjectConfigurationPlatforms) = postSolution
		{9C52D2A4-9351-47DC-9282-F063E06CAA21}.Debug|Any CPU.ActiveCfg = Debug|Any CPU
		{9C52D2A4-9351-47DC-9282-F063E06CAA21}.Debug|Any CPU.Build.0 = Debug|Any CPU
		{9C52D2A4-9351-47DC-9282-F063E06CAA21}.Release|Any CPU.ActiveCfg = Release|Any CPU
		{9C52D2A4-9351-47DC-9282-F063E06CAA21}.Release|Any CPU.Build.0 = Release|Any CPU
	EndGlobalSection
	GlobalSection(SolutionProperties) = preSolution
		HideSolutionNode = FALSE
	EndGlobalSection
	GlobalSection(ExtensibilityGlobals) = postSolution
		SolutionGuid = {8C12792F-286E-4169-99BC-45ABFF9E57B8}
	EndGlobalSection
EndGlobal
